
Microsoft Visual Studio Solution File, Format Version 12.00
# Visual Studio 15
VisualStudioVersion = 15.0.26124.0
MinimumVisualStudioVersion = 15.0.26124.0
Project("{FAE04EC0-301F-11D3-BF4B-00C04F79EFBC}") = "Core", "Core\Core.csproj", "{863F0212-886F-42E1-89D6-D05075529D8A}"
EndProject
Project("{2150E333-8FDC-42A3-9474-1A3956D46DE8}") = "Services", "Services", "{97A29E1A-7EE7-4A93-B5AF-C6EB19611EB0}"
EndProject
Project("{FAE04EC0-301F-11D3-BF4B-00C04F79EFBC}") = "Cdn", "Services\Cdn\Cdn.csproj", "{456c6dc7-f610-410e-85a1-189ba73f1e43}"
EndProject
Project("{FAE04EC0-301F-11D3-BF4B-00C04F79EFBC}") = "Smn", "Services\Smn\Smn.csproj", "{ced0cfa7-3d43-457f-9f81-f1695a6c65cd}"
EndProject
Project("{FAE04EC0-301F-11D3-BF4B-00C04F79EFBC}") = "Ims", "Services\Ims\Ims.csproj", "{5B7BFA6B-B85E-4222-8988-16CCF9558393}"
EndProject
Project("{FAE04EC0-301F-11D3-BF4B-00C04F79EFBC}") = "Ces", "Services\Ces\Ces.csproj", "{ef66723c-296f-90fe-1bd4-6684bbb02913}"
EndProject
Project("{FAE04EC0-301F-11D3-BF4B-00C04F79EFBC}") = "Ecs", "Services\Ecs\Ecs.csproj", "{c3aaea74-f41e-4c56-b64e-7a2496ff6551}"
EndProject
Project("{FAE04EC0-301F-11D3-BF4B-00C04F79EFBC}") = "Vpc", "Services\Vpc\Vpc.csproj", "{96f50236-7030-47ab-af32-bb76484fadec}"
EndProject
Project("{FAE04EC0-301F-11D3-BF4B-00C04F79EFBC}") = "Evs", "Services\Evs\Evs.csproj", "{B6D999F9-9335-433F-BCD2-1E07409AFA39}"
EndProject
Project("{FAE04EC0-301F-11D3-BF4B-00C04F79EFBC}") = "Cce", "Services\Cce\Cce.csproj", "{a4aaea74-f41e-4c56-b64e-7a2496ff4351}"
EndProject
Project("{FAE04EC0-301F-11D3-BF4B-00C04F79EFBC}") = "Elb", "Services\Elb\Elb.csproj", "{e15b6d96-3026-44f3-6e15-a7bb7f8f1ebb}"
EndProject
Project("{FAE04EC0-301F-11D3-BF4B-00C04F79EFBC}") = "Cbr", "Services\Cbr\Cbr.csproj", "{d5af20cc-1577-e1eb-419c-1d1c08a09995}"
EndProject
Global
	GlobalSection(SolutionConfigurationPlatforms) = preSolution
		Debug|Any CPU = Debug|Any CPU
		Debug|x64 = Debug|x64
		Debug|x86 = Debug|x86
		Release|Any CPU = Release|Any CPU
		Release|x64 = Release|x64
		Release|x86 = Release|x86
	EndGlobalSection
	GlobalSection(SolutionProperties) = preSolution
		HideSolutionNode = FALSE
	EndGlobalSection
	GlobalSection(ProjectConfigurationPlatforms) = postSolution
		{863F0212-886F-42E1-89D6-D05075529D8A}.Debug|Any CPU.ActiveCfg = Debug|Any CPU
		{863F0212-886F-42E1-89D6-D05075529D8A}.Debug|Any CPU.Build.0 = Debug|Any CPU
		{863F0212-886F-42E1-89D6-D05075529D8A}.Debug|x64.ActiveCfg = Debug|Any CPU
		{863F0212-886F-42E1-89D6-D05075529D8A}.Debug|x64.Build.0 = Debug|Any CPU
		{863F0212-886F-42E1-89D6-D05075529D8A}.Debug|x86.ActiveCfg = Debug|Any CPU
		{863F0212-886F-42E1-89D6-D05075529D8A}.Debug|x86.Build.0 = Debug|Any CPU
		{863F0212-886F-42E1-89D6-D05075529D8A}.Release|Any CPU.ActiveCfg = Release|Any CPU
		{863F0212-886F-42E1-89D6-D05075529D8A}.Release|Any CPU.Build.0 = Release|Any CPU
		{863F0212-886F-42E1-89D6-D05075529D8A}.Release|x64.ActiveCfg = Release|Any CPU
		{863F0212-886F-42E1-89D6-D05075529D8A}.Release|x64.Build.0 = Release|Any CPU
		{863F0212-886F-42E1-89D6-D05075529D8A}.Release|x86.ActiveCfg = Release|Any CPU
		{863F0212-886F-42E1-89D6-D05075529D8A}.Release|x86.Build.0 = Release|Any CPU
		{456c6dc7-f610-410e-85a1-189ba73f1e43}.Debug|Any CPU.ActiveCfg = Debug|Any CPU
		{456c6dc7-f610-410e-85a1-189ba73f1e43}.Debug|Any CPU.Build.0 = Debug|Any CPU
		{456c6dc7-f610-410e-85a1-189ba73f1e43}.Debug|x64.ActiveCfg = Debug|Any CPU
		{456c6dc7-f610-410e-85a1-189ba73f1e43}.Debug|x64.Build.0 = Debug|Any CPU
		{456c6dc7-f610-410e-85a1-189ba73f1e43}.Debug|x86.ActiveCfg = Debug|Any CPU
		{456c6dc7-f610-410e-85a1-189ba73f1e43}.Debug|x86.Build.0 = Debug|Any CPU
		{456c6dc7-f610-410e-85a1-189ba73f1e43}.Release|Any CPU.ActiveCfg = Release|Any CPU
		{456c6dc7-f610-410e-85a1-189ba73f1e43}.Release|Any CPU.Build.0 = Release|Any CPU
		{456c6dc7-f610-410e-85a1-189ba73f1e43}.Release|x64.ActiveCfg = Release|Any CPU
		{456c6dc7-f610-410e-85a1-189ba73f1e43}.Release|x64.Build.0 = Release|Any CPU
		{456c6dc7-f610-410e-85a1-189ba73f1e43}.Release|x86.ActiveCfg = Release|Any CPU
		{456c6dc7-f610-410e-85a1-189ba73f1e43}.Release|x86.Build.0 = Release|Any CPU
		{ced0cfa7-3d43-457f-9f81-f1695a6c65cd}.Debug|Any CPU.ActiveCfg = Debug|Any CPU
		{ced0cfa7-3d43-457f-9f81-f1695a6c65cd}.Debug|Any CPU.Build.0 = Debug|Any CPU
		{ced0cfa7-3d43-457f-9f81-f1695a6c65cd}.Debug|x64.ActiveCfg = Debug|Any CPU
		{ced0cfa7-3d43-457f-9f81-f1695a6c65cd}.Debug|x64.Build.0 = Debug|Any CPU
		{ced0cfa7-3d43-457f-9f81-f1695a6c65cd}.Debug|x86.ActiveCfg = Debug|Any CPU
		{ced0cfa7-3d43-457f-9f81-f1695a6c65cd}.Debug|x86.Build.0 = Debug|Any CPU
		{ced0cfa7-3d43-457f-9f81-f1695a6c65cd}.Release|Any CPU.ActiveCfg = Release|Any CPU
		{ced0cfa7-3d43-457f-9f81-f1695a6c65cd}.Release|Any CPU.Build.0 = Release|Any CPU
		{ced0cfa7-3d43-457f-9f81-f1695a6c65cd}.Release|x64.ActiveCfg = Release|Any CPU
		{ced0cfa7-3d43-457f-9f81-f1695a6c65cd}.Release|x64.Build.0 = Release|Any CPU
		{ced0cfa7-3d43-457f-9f81-f1695a6c65cd}.Release|x86.ActiveCfg = Release|Any CPU
		{ced0cfa7-3d43-457f-9f81-f1695a6c65cd}.Release|x86.Build.0 = Release|Any CPU
		{5B7BFA6B-B85E-4222-8988-16CCF9558393}.Debug|Any CPU.ActiveCfg = Debug|Any CPU
		{5B7BFA6B-B85E-4222-8988-16CCF9558393}.Debug|Any CPU.Build.0 = Debug|Any CPU
		{5B7BFA6B-B85E-4222-8988-16CCF9558393}.Debug|x64.ActiveCfg = Debug|Any CPU
		{5B7BFA6B-B85E-4222-8988-16CCF9558393}.Debug|x64.Build.0 = Debug|Any CPU
		{5B7BFA6B-B85E-4222-8988-16CCF9558393}.Debug|x86.ActiveCfg = Debug|Any CPU
		{5B7BFA6B-B85E-4222-8988-16CCF9558393}.Debug|x86.Build.0 = Debug|Any CPU
		{5B7BFA6B-B85E-4222-8988-16CCF9558393}.Release|Any CPU.ActiveCfg = Release|Any CPU
		{5B7BFA6B-B85E-4222-8988-16CCF9558393}.Release|Any CPU.Build.0 = Release|Any CPU
		{5B7BFA6B-B85E-4222-8988-16CCF9558393}.Release|x64.ActiveCfg = Release|Any CPU
		{5B7BFA6B-B85E-4222-8988-16CCF9558393}.Release|x64.Build.0 = Release|Any CPU
		{5B7BFA6B-B85E-4222-8988-16CCF9558393}.Release|x86.ActiveCfg = Release|Any CPU
		{5B7BFA6B-B85E-4222-8988-16CCF9558393}.Release|x86.Build.0 = Release|Any CPU
		{ef66723c-296f-90fe-1bd4-6684bbb02913}.Debug|Any CPU.ActiveCfg = Debug|Any CPU
		{ef66723c-296f-90fe-1bd4-6684bbb02913}.Debug|Any CPU.Build.0 = Debug|Any CPU
		{ef66723c-296f-90fe-1bd4-6684bbb02913}.Debug|x64.ActiveCfg = Debug|Any CPU
		{ef66723c-296f-90fe-1bd4-6684bbb02913}.Debug|x64.Build.0 = Debug|Any CPU
		{ef66723c-296f-90fe-1bd4-6684bbb02913}.Debug|x86.ActiveCfg = Debug|Any CPU
		{ef66723c-296f-90fe-1bd4-6684bbb02913}.Debug|x86.Build.0 = Debug|Any CPU
		{ef66723c-296f-90fe-1bd4-6684bbb02913}.Release|Any CPU.ActiveCfg = Release|Any CPU
		{ef66723c-296f-90fe-1bd4-6684bbb02913}.Release|Any CPU.Build.0 = Release|Any CPU
		{ef66723c-296f-90fe-1bd4-6684bbb02913}.Release|x64.ActiveCfg = Release|Any CPU
		{ef66723c-296f-90fe-1bd4-6684bbb02913}.Release|x64.Build.0 = Release|Any CPU
		{ef66723c-296f-90fe-1bd4-6684bbb02913}.Release|x86.ActiveCfg = Release|Any CPU
		{ef66723c-296f-90fe-1bd4-6684bbb02913}.Release|x86.Build.0 = Release|Any CPU
		{c3aaea74-f41e-4c56-b64e-7a2496ff6551}.Debug|Any CPU.ActiveCfg = Debug|Any CPU
		{c3aaea74-f41e-4c56-b64e-7a2496ff6551}.Debug|Any CPU.Build.0 = Debug|Any CPU
		{c3aaea74-f41e-4c56-b64e-7a2496ff6551}.Debug|x64.ActiveCfg = Debug|Any CPU
		{c3aaea74-f41e-4c56-b64e-7a2496ff6551}.Debug|x64.Build.0 = Debug|Any CPU
		{c3aaea74-f41e-4c56-b64e-7a2496ff6551}.Debug|x86.ActiveCfg = Debug|Any CPU
		{c3aaea74-f41e-4c56-b64e-7a2496ff6551}.Debug|x86.Build.0 = Debug|Any CPU
		{c3aaea74-f41e-4c56-b64e-7a2496ff6551}.Release|Any CPU.ActiveCfg = Release|Any CPU
		{c3aaea74-f41e-4c56-b64e-7a2496ff6551}.Release|Any CPU.Build.0 = Release|Any CPU
		{c3aaea74-f41e-4c56-b64e-7a2496ff6551}.Release|x64.ActiveCfg = Release|Any CPU
		{c3aaea74-f41e-4c56-b64e-7a2496ff6551}.Release|x64.Build.0 = Release|Any CPU
		{c3aaea74-f41e-4c56-b64e-7a2496ff6551}.Release|x86.ActiveCfg = Release|Any CPU
		{c3aaea74-f41e-4c56-b64e-7a2496ff6551}.Release|x86.Build.0 = Release|Any CPU
		{96f50236-7030-47ab-af32-bb76484fadec}.Debug|Any CPU.ActiveCfg = Debug|Any CPU
		{96f50236-7030-47ab-af32-bb76484fadec}.Debug|Any CPU.Build.0 = Debug|Any CPU
		{96f50236-7030-47ab-af32-bb76484fadec}.Debug|x64.ActiveCfg = Debug|Any CPU
		{96f50236-7030-47ab-af32-bb76484fadec}.Debug|x64.Build.0 = Debug|Any CPU
		{96f50236-7030-47ab-af32-bb76484fadec}.Debug|x86.ActiveCfg = Debug|Any CPU
		{96f50236-7030-47ab-af32-bb76484fadec}.Debug|x86.Build.0 = Debug|Any CPU
		{96f50236-7030-47ab-af32-bb76484fadec}.Release|Any CPU.ActiveCfg = Release|Any CPU
		{96f50236-7030-47ab-af32-bb76484fadec}.Release|Any CPU.Build.0 = Release|Any CPU
		{96f50236-7030-47ab-af32-bb76484fadec}.Release|x64.ActiveCfg = Release|Any CPU
		{96f50236-7030-47ab-af32-bb76484fadec}.Release|x64.Build.0 = Release|Any CPU
		{96f50236-7030-47ab-af32-bb76484fadec}.Release|x86.ActiveCfg = Release|Any CPU
		{96f50236-7030-47ab-af32-bb76484fadec}.Release|x86.Build.0 = Release|Any CPU
		{B6D999F9-9335-433F-BCD2-1E07409AFA39}.Debug|Any CPU.ActiveCfg = Debug|Any CPU
		{B6D999F9-9335-433F-BCD2-1E07409AFA39}.Debug|Any CPU.Build.0 = Debug|Any CPU
		{B6D999F9-9335-433F-BCD2-1E07409AFA39}.Debug|x64.ActiveCfg = Debug|Any CPU
		{B6D999F9-9335-433F-BCD2-1E07409AFA39}.Debug|x64.Build.0 = Debug|Any CPU
		{B6D999F9-9335-433F-BCD2-1E07409AFA39}.Debug|x86.ActiveCfg = Debug|Any CPU
		{B6D999F9-9335-433F-BCD2-1E07409AFA39}.Debug|x86.Build.0 = Debug|Any CPU
		{B6D999F9-9335-433F-BCD2-1E07409AFA39}.Release|Any CPU.ActiveCfg = Release|Any CPU
		{B6D999F9-9335-433F-BCD2-1E07409AFA39}.Release|Any CPU.Build.0 = Release|Any CPU
		{B6D999F9-9335-433F-BCD2-1E07409AFA39}.Release|x64.ActiveCfg = Release|Any CPU
		{B6D999F9-9335-433F-BCD2-1E07409AFA39}.Release|x64.Build.0 = Release|Any CPU
		{B6D999F9-9335-433F-BCD2-1E07409AFA39}.Release|x86.ActiveCfg = Release|Any CPU
		{B6D999F9-9335-433F-BCD2-1E07409AFA39}.Release|x86.Build.0 = Release|Any CPU
		{a4aaea74-f41e-4c56-b64e-7a2496ff4351}.Debug|Any CPU.ActiveCfg = Debug|Any CPU
		{a4aaea74-f41e-4c56-b64e-7a2496ff4351}.Debug|Any CPU.Build.0 = Debug|Any CPU
		{a4aaea74-f41e-4c56-b64e-7a2496ff4351}.Debug|x64.ActiveCfg = Debug|Any CPU
		{a4aaea74-f41e-4c56-b64e-7a2496ff4351}.Debug|x64.Build.0 = Debug|Any CPU
		{a4aaea74-f41e-4c56-b64e-7a2496ff4351}.Debug|x86.ActiveCfg = Debug|Any CPU
		{a4aaea74-f41e-4c56-b64e-7a2496ff4351}.Debug|x86.Build.0 = Debug|Any CPU
		{a4aaea74-f41e-4c56-b64e-7a2496ff4351}.Release|Any CPU.ActiveCfg = Release|Any CPU
		{a4aaea74-f41e-4c56-b64e-7a2496ff4351}.Release|Any CPU.Build.0 = Release|Any CPU
		{a4aaea74-f41e-4c56-b64e-7a2496ff4351}.Release|x64.ActiveCfg = Release|Any CPU
		{a4aaea74-f41e-4c56-b64e-7a2496ff4351}.Release|x64.Build.0 = Release|Any CPU
		{a4aaea74-f41e-4c56-b64e-7a2496ff4351}.Release|x86.ActiveCfg = Release|Any CPU
		{a4aaea74-f41e-4c56-b64e-7a2496ff4351}.Release|x86.Build.0 = Release|Any CPU
		{e15b6d96-3026-44f3-6e15-a7bb7f8f1ebb}.Debug|Any CPU.ActiveCfg = Debug|Any CPU
		{e15b6d96-3026-44f3-6e15-a7bb7f8f1ebb}.Debug|Any CPU.Build.0 = Debug|Any CPU
		{e15b6d96-3026-44f3-6e15-a7bb7f8f1ebb}.Debug|x64.ActiveCfg = Debug|Any CPU
		{e15b6d96-3026-44f3-6e15-a7bb7f8f1ebb}.Debug|x64.Build.0 = Debug|Any CPU
		{e15b6d96-3026-44f3-6e15-a7bb7f8f1ebb}.Debug|x86.ActiveCfg = Debug|Any CPU
		{e15b6d96-3026-44f3-6e15-a7bb7f8f1ebb}.Debug|x86.Build.0 = Debug|Any CPU
		{e15b6d96-3026-44f3-6e15-a7bb7f8f1ebb}.Release|Any CPU.ActiveCfg = Release|Any CPU
		{e15b6d96-3026-44f3-6e15-a7bb7f8f1ebb}.Release|Any CPU.Build.0 = Release|Any CPU
		{e15b6d96-3026-44f3-6e15-a7bb7f8f1ebb}.Release|x64.ActiveCfg = Release|Any CPU
		{e15b6d96-3026-44f3-6e15-a7bb7f8f1ebb}.Release|x64.Build.0 = Release|Any CPU
		{e15b6d96-3026-44f3-6e15-a7bb7f8f1ebb}.Release|x86.ActiveCfg = Release|Any CPU
		{e15b6d96-3026-44f3-6e15-a7bb7f8f1ebb}.Release|x86.Build.0 = Release|Any CPU
		{d5af20cc-1577-e1eb-419c-1d1c08a09995}.Debug|Any CPU.ActiveCfg = Debug|Any CPU
		{d5af20cc-1577-e1eb-419c-1d1c08a09995}.Debug|Any CPU.Build.0 = Debug|Any CPU
		{d5af20cc-1577-e1eb-419c-1d1c08a09995}.Debug|x64.ActiveCfg = Debug|Any CPU
		{d5af20cc-1577-e1eb-419c-1d1c08a09995}.Debug|x64.Build.0 = Debug|Any CPU
		{d5af20cc-1577-e1eb-419c-1d1c08a09995}.Debug|x86.ActiveCfg = Debug|Any CPU
		{d5af20cc-1577-e1eb-419c-1d1c08a09995}.Debug|x86.Build.0 = Debug|Any CPU
		{d5af20cc-1577-e1eb-419c-1d1c08a09995}.Release|Any CPU.ActiveCfg = Release|Any CPU
		{d5af20cc-1577-e1eb-419c-1d1c08a09995}.Release|Any CPU.Build.0 = Release|Any CPU
		{d5af20cc-1577-e1eb-419c-1d1c08a09995}.Release|x64.ActiveCfg = Release|Any CPU
		{d5af20cc-1577-e1eb-419c-1d1c08a09995}.Release|x64.Build.0 = Release|Any CPU
		{d5af20cc-1577-e1eb-419c-1d1c08a09995}.Release|x86.ActiveCfg = Release|Any CPU
		{d5af20cc-1577-e1eb-419c-1d1c08a09995}.Release|x86.Build.0 = Release|Any CPU
	EndGlobalSection
	GlobalSection(NestedProjects) = preSolution
		{456c6dc7-f610-410e-85a1-189ba73f1e43} = {97A29E1A-7EE7-4A93-B5AF-C6EB19611EB0}
		{ced0cfa7-3d43-457f-9f81-f1695a6c65cd} = {97A29E1A-7EE7-4A93-B5AF-C6EB19611EB0}
		{5B7BFA6B-B85E-4222-8988-16CCF9558393} = {97A29E1A-7EE7-4A93-B5AF-C6EB19611EB0}
		{ef66723c-296f-90fe-1bd4-6684bbb02913} = {97A29E1A-7EE7-4A93-B5AF-C6EB19611EB0}
		{c3aaea74-f41e-4c56-b64e-7a2496ff6551} = {97A29E1A-7EE7-4A93-B5AF-C6EB19611EB0}
		{96f50236-7030-47ab-af32-bb76484fadec} = {97A29E1A-7EE7-4A93-B5AF-C6EB19611EB0}
		{B6D999F9-9335-433F-BCD2-1E07409AFA39} = {97A29E1A-7EE7-4A93-B5AF-C6EB19611EB0}
		{a4aaea74-f41e-4c56-b64e-7a2496ff4351} = {97A29E1A-7EE7-4A93-B5AF-C6EB19611EB0}
		{e15b6d96-3026-44f3-6e15-a7bb7f8f1ebb} = {97A29E1A-7EE7-4A93-B5AF-C6EB19611EB0}
		{d5af20cc-1577-e1eb-419c-1d1c08a09995} = {97A29E1A-7EE7-4A93-B5AF-C6EB19611EB0}
	EndGlobalSection
EndGlobal
