Microsoft Visual Studio Solution File, Format Version 12.00
Project("{FAE04EC0-301F-11D3-BF4B-00C04F79EFBC}") = "Ces", "Ces.csproj", "{ef66723c-296f-90fe-1bd4-6684bbb02913}"
EndProject
Global
	GlobalSection(SolutionConfigurationPlatforms) = preSolution
		Debug|Any CPU = Debug|Any CPU
		Release|Any CPU = Release|Any CPU
	EndGlobalSection
	GlobalSection(ProjectConfigurationPlatforms) = postSolution
		{ef66723c-296f-90fe-1bd4-6684bbb02913}.Debug|Any CPU.ActiveCfg = Debug|Any CPU
		{ef66723c-296f-90fe-1bd4-6684bbb02913}.Debug|Any CPU.Build.0 = Debug|Any CPU
		{ef66723c-296f-90fe-1bd4-6684bbb02913}.Release|Any CPU.ActiveCfg = Release|Any CPU
		{ef66723c-296f-90fe-1bd4-6684bbb02913}.Release|Any CPU.Build.0 = Release|Any CPU
	EndGlobalSection
	GlobalSection(SolutionProperties) = preSolution
		HideSolutionNode = FALSE
	EndGlobalSection
EndGlobal