Microsoft Visual Studio Solution File, Format Version 12.00
Project("{FAE04EC0-301F-11D3-BF4B-00C04F79EFBC}") = "Smn", "Smn.csproj", "{ced0cfa7-3d43-457f-9f81-f1695a6c65cd}"
EndProject
Global
	GlobalSection(SolutionConfigurationPlatforms) = preSolution
		Debug|Any CPU = Debug|Any CPU
		Release|Any CPU = Release|Any CPU
	EndGlobalSection
	GlobalSection(ProjectConfigurationPlatforms) = postSolution
		{ced0cfa7-3d43-457f-9f81-f1695a6c65cd}.Debug|Any CPU.ActiveCfg = Debug|Any CPU
		{ced0cfa7-3d43-457f-9f81-f1695a6c65cd}.Debug|Any CPU.Build.0 = Debug|Any CPU
		{ced0cfa7-3d43-457f-9f81-f1695a6c65cd}.Release|Any CPU.ActiveCfg = Release|Any CPU
		{ced0cfa7-3d43-457f-9f81-f1695a6c65cd}.Release|Any CPU.Build.0 = Release|Any CPU
	EndGlobalSection
	GlobalSection(SolutionProperties) = preSolution
		HideSolutionNode = FALSE
	EndGlobalSection
EndGlobal