Microsoft Visual Studio Solution File, Format Version 12.00
Project("{FAE04EC0-301F-11D3-BF4B-00C04F79EFBC}") = "Cbr", "Cbr.csproj", "{d5af20cc-1577-e1eb-419c-1d1c08a09995}"
EndProject
Global
	GlobalSection(SolutionConfigurationPlatforms) = preSolution
		Debug|Any CPU = Debug|Any CPU
		Release|Any CPU = Release|Any CPU
	EndGlobalSection
	GlobalSection(ProjectConfigurationPlatforms) = postSolution
		{d5af20cc-1577-e1eb-419c-1d1c08a09995}.Debug|Any CPU.ActiveCfg = Debug|Any CPU
		{d5af20cc-1577-e1eb-419c-1d1c08a09995}.Debug|Any CPU.Build.0 = Debug|Any CPU
		{d5af20cc-1577-e1eb-419c-1d1c08a09995}.Release|Any CPU.ActiveCfg = Release|Any CPU
		{d5af20cc-1577-e1eb-419c-1d1c08a09995}.Release|Any CPU.Build.0 = Release|Any CPU
	EndGlobalSection
	GlobalSection(SolutionProperties) = preSolution
		HideSolutionNode = FALSE
	EndGlobalSection
EndGlobal